
Microsoft Visual Studio Solution File, Format Version 12.00
# Visual Studio Version 17
VisualStudioVersion = 17.3.32922.545
MinimumVisualStudioVersion = 10.0.40219.1
Project("{FAE04EC0-301F-11D3-BF4B-00C04F79EFBC}") = "ConsoleApp3", "ConsoleApp3.csproj", "{460C3DD2-E62B-4FDF-98F6-B331EDA89B92}"
EndProject
Global
	GlobalSection(SolutionConfigurationPlatforms) = preSolution
		Debug|Any CPU = Debug|Any CPU
		Release|Any CPU = Release|Any CPU
	EndGlobalSection
	GlobalSection(ProjectConfigurationPlatforms) = postSolution
		{460C3DD2-E62B-4FDF-98F6-B331EDA89B92}.Debug|Any CPU.ActiveCfg = Debug|Any CPU
		{460C3DD2-E62B-4FDF-98F6-B331EDA89B92}.Debug|Any CPU.Build.0 = Debug|Any CPU
		{460C3DD2-E62B-4FDF-98F6-B331EDA89B92}.Release|Any CPU.ActiveCfg = Release|Any CPU
		{460C3DD2-E62B-4FDF-98F6-B331EDA89B92}.Release|Any CPU.Build.0 = Release|Any CPU
	EndGlobalSection
	GlobalSection(SolutionProperties) = preSolution
		HideSolutionNode = FALSE
	EndGlobalSection
	GlobalSection(ExtensibilityGlobals) = postSolution
		SolutionGuid = {6269288C-3A6C-4030-88A3-89C466A043E5}
	EndGlobalSection
EndGlobal
